PODS:
  - PrimerIPay88MYSDK (0.1.7)

DEPENDENCIES:
  - PrimerIPay88MYSDK (from `../`)

EXTERNAL SOURCES:
  PrimerIPay88MYSDK:
    :path: "../"

SPEC CHECKSUMS:
  PrimerIPay88MYSDK: aa6fc077be73bdea6bd0eefc32f4cd89762b71e7

PODFILE CHECKSUM: 9e925d16a9d327d18e9fff6976dbe3ee63b57eff

COCOAPODS: 1.14.3
